
Microsoft Visual Studio Solution File, Format Version 12.00
# Visual Studio Version 16
VisualStudioVersion = 16.0.30413.136
MinimumVisualStudioVersion = 10.0.40219.1
Project("{FAE04EC0-301F-11D3-BF4B-00C04F79EFBC}") = "LengthOfLL", "LengthOfLL\LengthOfLL.csproj", "{B9DCAAD0-80B4-4A3B-890A-2FC7C1D51733}"
EndProject
Project("{FAE04EC0-301F-11D3-BF4B-00C04F79EFBC}") = "2ReturnValueForApos", "2ReturnValueForApos\2ReturnValueForApos.csproj", "{77D95FCF-62E2-49B9-B105-A3C1E355681B}"
EndProject
Project("{FAE04EC0-301F-11D3-BF4B-00C04F79EFBC}") = "3FindValueForANodeFromBack", "3FindValueForANodeFromBack\3FindValueForANodeFromBack.csproj", "{322C8560-3590-4292-9804-DC70FB7613B5}"
EndProject
Project("{FAE04EC0-301F-11D3-BF4B-00C04F79EFBC}") = "4FindMiddleOfALinkedList", "4FindMiddleOfALinkedList\4FindMiddleOfALinkedList.csproj", "{44FAA7F8-3E2D-4716-A5D8-0B639166A12B}"
EndProject
Project("{FAE04EC0-301F-11D3-BF4B-00C04F79EFBC}") = "NumberOfTimesAGivenIntOccurs", "NumberOfTimesAGivenIntOccurs\NumberOfTimesAGivenIntOccurs.csproj", "{2643E050-BD5B-447A-A436-F75912395582}"
EndProject
Global
	GlobalSection(SolutionConfigurationPlatforms) = preSolution
		Debug|Any CPU = Debug|Any CPU
		Release|Any CPU = Release|Any CPU
	EndGlobalSection
	GlobalSection(ProjectConfigurationPlatforms) = postSolution
		{B9DCAAD0-80B4-4A3B-890A-2FC7C1D51733}.Debug|Any CPU.ActiveCfg = Debug|Any CPU
		{B9DCAAD0-80B4-4A3B-890A-2FC7C1D51733}.Debug|Any CPU.Build.0 = Debug|Any CPU
		{B9DCAAD0-80B4-4A3B-890A-2FC7C1D51733}.Release|Any CPU.ActiveCfg = Release|Any CPU
		{B9DCAAD0-80B4-4A3B-890A-2FC7C1D51733}.Release|Any CPU.Build.0 = Release|Any CPU
		{77D95FCF-62E2-49B9-B105-A3C1E355681B}.Debug|Any CPU.ActiveCfg = Debug|Any CPU
		{77D95FCF-62E2-49B9-B105-A3C1E355681B}.Debug|Any CPU.Build.0 = Debug|Any CPU
		{77D95FCF-62E2-49B9-B105-A3C1E355681B}.Release|Any CPU.ActiveCfg = Release|Any CPU
		{77D95FCF-62E2-49B9-B105-A3C1E355681B}.Release|Any CPU.Build.0 = Release|Any CPU
		{322C8560-3590-4292-9804-DC70FB7613B5}.Debug|Any CPU.ActiveCfg = Debug|Any CPU
		{322C8560-3590-4292-9804-DC70FB7613B5}.Debug|Any CPU.Build.0 = Debug|Any CPU
		{322C8560-3590-4292-9804-DC70FB7613B5}.Release|Any CPU.ActiveCfg = Release|Any CPU
		{322C8560-3590-4292-9804-DC70FB7613B5}.Release|Any CPU.Build.0 = Release|Any CPU
		{44FAA7F8-3E2D-4716-A5D8-0B639166A12B}.Debug|Any CPU.ActiveCfg = Debug|Any CPU
		{44FAA7F8-3E2D-4716-A5D8-0B639166A12B}.Debug|Any CPU.Build.0 = Debug|Any CPU
		{44FAA7F8-3E2D-4716-A5D8-0B639166A12B}.Release|Any CPU.ActiveCfg = Release|Any CPU
		{44FAA7F8-3E2D-4716-A5D8-0B639166A12B}.Release|Any CPU.Build.0 = Release|Any CPU
		{2643E050-BD5B-447A-A436-F75912395582}.Debug|Any CPU.ActiveCfg = Debug|Any CPU
		{2643E050-BD5B-447A-A436-F75912395582}.Debug|Any CPU.Build.0 = Debug|Any CPU
		{2643E050-BD5B-447A-A436-F75912395582}.Release|Any CPU.ActiveCfg = Release|Any CPU
		{2643E050-BD5B-447A-A436-F75912395582}.Release|Any CPU.Build.0 = Release|Any CPU
	EndGlobalSection
	GlobalSection(SolutionProperties) = preSolution
		HideSolutionNode = FALSE
	EndGlobalSection
	GlobalSection(ExtensibilityGlobals) = postSolution
		SolutionGuid = {1DEE487F-1E16-4462-A02A-3A5FF51422B3}
	EndGlobalSection
EndGlobal
